
Microsoft Visual Studio Solution File, Format Version 12.00
# Visual Studio 2013
VisualStudioVersion = 12.0.40629.0
MinimumVisualStudioVersion = 10.0.40219.1
Project("{FAE04EC0-301F-11D3-BF4B-00C04F79EFBC}") = "AjnaEntity", "AjnaEntity\AjnaEntity.csproj", "{F36D661C-186C-491F-ABD5-154F7A3CAFA5}"
EndProject
Global
	GlobalSection(SolutionConfigurationPlatforms) = preSolution
		Debug|Any CPU = Debug|Any CPU
		Release|Any CPU = Release|Any CPU
	EndGlobalSection
	GlobalSection(ProjectConfigurationPlatforms) = postSolution
		{F36D661C-186C-491F-ABD5-154F7A3CAFA5}.Debug|Any CPU.ActiveCfg = Debug|Any CPU
		{F36D661C-186C-491F-ABD5-154F7A3CAFA5}.Debug|Any CPU.Build.0 = Debug|Any CPU
		{F36D661C-186C-491F-ABD5-154F7A3CAFA5}.Release|Any CPU.ActiveCfg = Release|Any CPU
		{F36D661C-186C-491F-ABD5-154F7A3CAFA5}.Release|Any CPU.Build.0 = Release|Any CPU
	EndGlobalSection
	GlobalSection(SolutionProperties) = preSolution
		HideSolutionNode = FALSE
	EndGlobalSection
EndGlobal
