
Microsoft Visual Studio Solution File, Format Version 11.00
# Visual Studio 2010
Project("{FAE04EC0-301F-11D3-BF4B-00C04F79EFBC}") = "smsg_DAL", "smsg_DAL\smsg_DAL.csproj", "{57FA1523-04A6-427A-A84E-9B17F12C50CD}"
EndProject
Project("{FAE04EC0-301F-11D3-BF4B-00C04F79EFBC}") = "smsg_Interfaces", "smsg_Interfaces\smsg_Interfaces.csproj", "{DA21CE36-07D5-423D-9C7B-F3B41AE71A3F}"
EndProject
Project("{FAE04EC0-301F-11D3-BF4B-00C04F79EFBC}") = "common", "Common\common.csproj", "{C9092721-9D90-4C53-9006-BFD81A2B52AC}"
EndProject
Project("{FAE04EC0-301F-11D3-BF4B-00C04F79EFBC}") = "FastDatabaseQuery", "FastDatabaseQuery\FastDatabaseQuery.csproj", "{E1C12C23-B7AC-4455-998F-C0178217E22C}"
EndProject
Project("{FAE04EC0-301F-11D3-BF4B-00C04F79EFBC}") = "smsg_UsersImplementation", "smsg_UsersImplementation\smsg_UsersImplementation.csproj", "{AB14BFE4-F970-455A-A953-829DB0762DBD}"
EndProject
Project("{FAE04EC0-301F-11D3-BF4B-00C04F79EFBC}") = "ExceptionUtils", "ExceptionUtils\ExceptionUtils.csproj", "{BE2E054E-E1A6-4706-986F-AF9015EC1B00}"
EndProject
Project("{FAE04EC0-301F-11D3-BF4B-00C04F79EFBC}") = "smsg_DALUser", "smsg_DALUser\smsg_DALUser.csproj", "{0FD4D734-F674-45B1-92F1-2ECA76D07AF5}"
EndProject
Project("{FAE04EC0-301F-11D3-BF4B-00C04F79EFBC}") = "testXunit", "testXunit\testXunit.csproj", "{922AF2A2-50AE-4CB9-B2B6-B330D65783A6}"
EndProject
Project("{FAE04EC0-301F-11D3-BF4B-00C04F79EFBC}") = "smsg_MVC4", "smsg_MVC4\smsg_MVC4.csproj", "{B49C050C-1F69-4A6E-9566-6388AE608922}"
EndProject
Global
	GlobalSection(TeamFoundationVersionControl) = preSolution
		SccNumberOfProjects = 10
		SccEnterpriseProvider = {4CA58AB2-18FA-4F8D-95D4-32DDF27D184C}
		SccTeamFoundationServer = https://tfs.codeplex.com/tfs/tfs02
		SccLocalPath0 = .
		SccProjectUniqueName1 = Common\\common.csproj
		SccProjectName1 = Common
		SccLocalPath1 = Common
		SccProjectUniqueName2 = ExceptionUtils\\ExceptionUtils.csproj
		SccProjectName2 = ExceptionUtils
		SccLocalPath2 = ExceptionUtils
		SccProjectUniqueName3 = FastDatabaseQuery\\FastDatabaseQuery.csproj
		SccProjectName3 = FastDatabaseQuery
		SccLocalPath3 = FastDatabaseQuery
		SccProjectUniqueName4 = smsg_DAL\\smsg_DAL.csproj
		SccProjectName4 = smsg_DAL
		SccLocalPath4 = smsg_DAL
		SccProjectUniqueName5 = smsg_DALUser\\smsg_DALUser.csproj
		SccProjectName5 = smsg_DALUser
		SccLocalPath5 = smsg_DALUser
		SccProjectUniqueName6 = smsg_Interfaces\\smsg_Interfaces.csproj
		SccProjectName6 = smsg_Interfaces
		SccLocalPath6 = smsg_Interfaces
		SccProjectUniqueName7 = smsg_MVC4\\smsg_MVC4.csproj
		SccProjectName7 = smsg_MVC4
		SccLocalPath7 = smsg_MVC4
		SccProjectUniqueName8 = smsg_UsersImplementation\\smsg_UsersImplementation.csproj
		SccProjectName8 = smsg_UsersImplementation
		SccLocalPath8 = smsg_UsersImplementation
		SccProjectUniqueName9 = testXunit\\testXunit.csproj
		SccProjectName9 = testXunit
		SccLocalPath9 = testXunit
	EndGlobalSection
	GlobalSection(SolutionConfigurationPlatforms) = preSolution
		Debug|Any CPU = Debug|Any CPU
		Debug|Mixed Platforms = Debug|Mixed Platforms
		Debug|x86 = Debug|x86
		faraweb|Any CPU = faraweb|Any CPU
		faraweb|Mixed Platforms = faraweb|Mixed Platforms
		faraweb|x86 = faraweb|x86
		Release|Any CPU = Release|Any CPU
		Release|Mixed Platforms = Release|Mixed Platforms
		Release|x86 = Release|x86
	EndGlobalSection
	GlobalSection(ProjectConfigurationPlatforms) = postSolution
		{57FA1523-04A6-427A-A84E-9B17F12C50CD}.Debug|Any CPU.ActiveCfg = Debug|Any CPU
		{57FA1523-04A6-427A-A84E-9B17F12C50CD}.Debug|Any CPU.Build.0 = Debug|Any CPU
		{57FA1523-04A6-427A-A84E-9B17F12C50CD}.Debug|Mixed Platforms.ActiveCfg = Debug|Any CPU
		{57FA1523-04A6-427A-A84E-9B17F12C50CD}.Debug|Mixed Platforms.Build.0 = Debug|Any CPU
		{57FA1523-04A6-427A-A84E-9B17F12C50CD}.Debug|x86.ActiveCfg = Debug|Any CPU
		{57FA1523-04A6-427A-A84E-9B17F12C50CD}.faraweb|Any CPU.ActiveCfg = Release|Any CPU
		{57FA1523-04A6-427A-A84E-9B17F12C50CD}.faraweb|Any CPU.Build.0 = Release|Any CPU
		{57FA1523-04A6-427A-A84E-9B17F12C50CD}.faraweb|Mixed Platforms.ActiveCfg = Release|Any CPU
		{57FA1523-04A6-427A-A84E-9B17F12C50CD}.faraweb|Mixed Platforms.Build.0 = Release|Any CPU
		{57FA1523-04A6-427A-A84E-9B17F12C50CD}.faraweb|x86.ActiveCfg = Release|Any CPU
		{57FA1523-04A6-427A-A84E-9B17F12C50CD}.Release|Any CPU.ActiveCfg = Release|Any CPU
		{57FA1523-04A6-427A-A84E-9B17F12C50CD}.Release|Any CPU.Build.0 = Release|Any CPU
		{57FA1523-04A6-427A-A84E-9B17F12C50CD}.Release|Mixed Platforms.ActiveCfg = Release|Any CPU
		{57FA1523-04A6-427A-A84E-9B17F12C50CD}.Release|Mixed Platforms.Build.0 = Release|Any CPU
		{57FA1523-04A6-427A-A84E-9B17F12C50CD}.Release|x86.ActiveCfg = Release|Any CPU
		{DA21CE36-07D5-423D-9C7B-F3B41AE71A3F}.Debug|Any CPU.ActiveCfg = Debug|Any CPU
		{DA21CE36-07D5-423D-9C7B-F3B41AE71A3F}.Debug|Any CPU.Build.0 = Debug|Any CPU
		{DA21CE36-07D5-423D-9C7B-F3B41AE71A3F}.Debug|Mixed Platforms.ActiveCfg = Debug|Any CPU
		{DA21CE36-07D5-423D-9C7B-F3B41AE71A3F}.Debug|Mixed Platforms.Build.0 = Debug|Any CPU
		{DA21CE36-07D5-423D-9C7B-F3B41AE71A3F}.Debug|x86.ActiveCfg = Debug|Any CPU
		{DA21CE36-07D5-423D-9C7B-F3B41AE71A3F}.faraweb|Any CPU.ActiveCfg = Release|Any CPU
		{DA21CE36-07D5-423D-9C7B-F3B41AE71A3F}.faraweb|Any CPU.Build.0 = Release|Any CPU
		{DA21CE36-07D5-423D-9C7B-F3B41AE71A3F}.faraweb|Mixed Platforms.ActiveCfg = Release|Any CPU
		{DA21CE36-07D5-423D-9C7B-F3B41AE71A3F}.faraweb|Mixed Platforms.Build.0 = Release|Any CPU
		{DA21CE36-07D5-423D-9C7B-F3B41AE71A3F}.faraweb|x86.ActiveCfg = Release|Any CPU
		{DA21CE36-07D5-423D-9C7B-F3B41AE71A3F}.Release|Any CPU.ActiveCfg = Release|Any CPU
		{DA21CE36-07D5-423D-9C7B-F3B41AE71A3F}.Release|Any CPU.Build.0 = Release|Any CPU
		{DA21CE36-07D5-423D-9C7B-F3B41AE71A3F}.Release|Mixed Platforms.ActiveCfg = Release|Any CPU
		{DA21CE36-07D5-423D-9C7B-F3B41AE71A3F}.Release|Mixed Platforms.Build.0 = Release|Any CPU
		{DA21CE36-07D5-423D-9C7B-F3B41AE71A3F}.Release|x86.ActiveCfg = Release|Any CPU
		{C9092721-9D90-4C53-9006-BFD81A2B52AC}.Debug|Any CPU.ActiveCfg = Debug|Any CPU
		{C9092721-9D90-4C53-9006-BFD81A2B52AC}.Debug|Any CPU.Build.0 = Debug|Any CPU
		{C9092721-9D90-4C53-9006-BFD81A2B52AC}.Debug|Mixed Platforms.ActiveCfg = Debug|Any CPU
		{C9092721-9D90-4C53-9006-BFD81A2B52AC}.Debug|Mixed Platforms.Build.0 = Debug|Any CPU
		{C9092721-9D90-4C53-9006-BFD81A2B52AC}.Debug|x86.ActiveCfg = Debug|Any CPU
		{C9092721-9D90-4C53-9006-BFD81A2B52AC}.faraweb|Any CPU.ActiveCfg = Release|Any CPU
		{C9092721-9D90-4C53-9006-BFD81A2B52AC}.faraweb|Any CPU.Build.0 = Release|Any CPU
		{C9092721-9D90-4C53-9006-BFD81A2B52AC}.faraweb|Mixed Platforms.ActiveCfg = Release|Any CPU
		{C9092721-9D90-4C53-9006-BFD81A2B52AC}.faraweb|Mixed Platforms.Build.0 = Release|Any CPU
		{C9092721-9D90-4C53-9006-BFD81A2B52AC}.faraweb|x86.ActiveCfg = Release|Any CPU
		{C9092721-9D90-4C53-9006-BFD81A2B52AC}.Release|Any CPU.ActiveCfg = Release|Any CPU
		{C9092721-9D90-4C53-9006-BFD81A2B52AC}.Release|Any CPU.Build.0 = Release|Any CPU
		{C9092721-9D90-4C53-9006-BFD81A2B52AC}.Release|Mixed Platforms.ActiveCfg = Release|Any CPU
		{C9092721-9D90-4C53-9006-BFD81A2B52AC}.Release|Mixed Platforms.Build.0 = Release|Any CPU
		{C9092721-9D90-4C53-9006-BFD81A2B52AC}.Release|x86.ActiveCfg = Release|Any CPU
		{E1C12C23-B7AC-4455-998F-C0178217E22C}.Debug|Any CPU.ActiveCfg = Debug|Any CPU
		{E1C12C23-B7AC-4455-998F-C0178217E22C}.Debug|Any CPU.Build.0 = Debug|Any CPU
		{E1C12C23-B7AC-4455-998F-C0178217E22C}.Debug|Mixed Platforms.ActiveCfg = Debug|Any CPU
		{E1C12C23-B7AC-4455-998F-C0178217E22C}.Debug|Mixed Platforms.Build.0 = Debug|Any CPU
		{E1C12C23-B7AC-4455-998F-C0178217E22C}.Debug|x86.ActiveCfg = Debug|Any CPU
		{E1C12C23-B7AC-4455-998F-C0178217E22C}.faraweb|Any CPU.ActiveCfg = Release|Any CPU
		{E1C12C23-B7AC-4455-998F-C0178217E22C}.faraweb|Any CPU.Build.0 = Release|Any CPU
		{E1C12C23-B7AC-4455-998F-C0178217E22C}.faraweb|Mixed Platforms.ActiveCfg = Release|Any CPU
		{E1C12C23-B7AC-4455-998F-C0178217E22C}.faraweb|Mixed Platforms.Build.0 = Release|Any CPU
		{E1C12C23-B7AC-4455-998F-C0178217E22C}.faraweb|x86.ActiveCfg = Release|Any CPU
		{E1C12C23-B7AC-4455-998F-C0178217E22C}.Release|Any CPU.ActiveCfg = Release|Any CPU
		{E1C12C23-B7AC-4455-998F-C0178217E22C}.Release|Any CPU.Build.0 = Release|Any CPU
		{E1C12C23-B7AC-4455-998F-C0178217E22C}.Release|Mixed Platforms.ActiveCfg = Release|Any CPU
		{E1C12C23-B7AC-4455-998F-C0178217E22C}.Release|Mixed Platforms.Build.0 = Release|Any CPU
		{E1C12C23-B7AC-4455-998F-C0178217E22C}.Release|x86.ActiveCfg = Release|Any CPU
		{AB14BFE4-F970-455A-A953-829DB0762DBD}.Debug|Any CPU.ActiveCfg = Debug|Any CPU
		{AB14BFE4-F970-455A-A953-829DB0762DBD}.Debug|Any CPU.Build.0 = Debug|Any CPU
		{AB14BFE4-F970-455A-A953-829DB0762DBD}.Debug|Mixed Platforms.ActiveCfg = Debug|Any CPU
		{AB14BFE4-F970-455A-A953-829DB0762DBD}.Debug|Mixed Platforms.Build.0 = Debug|Any CPU
		{AB14BFE4-F970-455A-A953-829DB0762DBD}.Debug|x86.ActiveCfg = Debug|Any CPU
		{AB14BFE4-F970-455A-A953-829DB0762DBD}.faraweb|Any CPU.ActiveCfg = Release|Any CPU
		{AB14BFE4-F970-455A-A953-829DB0762DBD}.faraweb|Any CPU.Build.0 = Release|Any CPU
		{AB14BFE4-F970-455A-A953-829DB0762DBD}.faraweb|Mixed Platforms.ActiveCfg = Release|Any CPU
		{AB14BFE4-F970-455A-A953-829DB0762DBD}.faraweb|Mixed Platforms.Build.0 = Release|Any CPU
		{AB14BFE4-F970-455A-A953-829DB0762DBD}.faraweb|x86.ActiveCfg = Release|Any CPU
		{AB14BFE4-F970-455A-A953-829DB0762DBD}.Release|Any CPU.ActiveCfg = Release|Any CPU
		{AB14BFE4-F970-455A-A953-829DB0762DBD}.Release|Any CPU.Build.0 = Release|Any CPU
		{AB14BFE4-F970-455A-A953-829DB0762DBD}.Release|Mixed Platforms.ActiveCfg = Release|Any CPU
		{AB14BFE4-F970-455A-A953-829DB0762DBD}.Release|Mixed Platforms.Build.0 = Release|Any CPU
		{AB14BFE4-F970-455A-A953-829DB0762DBD}.Release|x86.ActiveCfg = Release|Any CPU
		{BE2E054E-E1A6-4706-986F-AF9015EC1B00}.Debug|Any CPU.ActiveCfg = Debug|Any CPU
		{BE2E054E-E1A6-4706-986F-AF9015EC1B00}.Debug|Any CPU.Build.0 = Debug|Any CPU
		{BE2E054E-E1A6-4706-986F-AF9015EC1B00}.Debug|Mixed Platforms.ActiveCfg = Debug|Any CPU
		{BE2E054E-E1A6-4706-986F-AF9015EC1B00}.Debug|Mixed Platforms.Build.0 = Debug|Any CPU
		{BE2E054E-E1A6-4706-986F-AF9015EC1B00}.Debug|x86.ActiveCfg = Debug|Any CPU
		{BE2E054E-E1A6-4706-986F-AF9015EC1B00}.faraweb|Any CPU.ActiveCfg = faraweb|Any CPU
		{BE2E054E-E1A6-4706-986F-AF9015EC1B00}.faraweb|Any CPU.Build.0 = faraweb|Any CPU
		{BE2E054E-E1A6-4706-986F-AF9015EC1B00}.faraweb|Mixed Platforms.ActiveCfg = faraweb|Any CPU
		{BE2E054E-E1A6-4706-986F-AF9015EC1B00}.faraweb|Mixed Platforms.Build.0 = faraweb|Any CPU
		{BE2E054E-E1A6-4706-986F-AF9015EC1B00}.faraweb|x86.ActiveCfg = faraweb|Any CPU
		{BE2E054E-E1A6-4706-986F-AF9015EC1B00}.Release|Any CPU.ActiveCfg = Release|Any CPU
		{BE2E054E-E1A6-4706-986F-AF9015EC1B00}.Release|Any CPU.Build.0 = Release|Any CPU
		{BE2E054E-E1A6-4706-986F-AF9015EC1B00}.Release|Mixed Platforms.ActiveCfg = Release|Any CPU
		{BE2E054E-E1A6-4706-986F-AF9015EC1B00}.Release|Mixed Platforms.Build.0 = Release|Any CPU
		{BE2E054E-E1A6-4706-986F-AF9015EC1B00}.Release|x86.ActiveCfg = Release|Any CPU
		{0FD4D734-F674-45B1-92F1-2ECA76D07AF5}.Debug|Any CPU.ActiveCfg = Debug|Any CPU
		{0FD4D734-F674-45B1-92F1-2ECA76D07AF5}.Debug|Any CPU.Build.0 = Debug|Any CPU
		{0FD4D734-F674-45B1-92F1-2ECA76D07AF5}.Debug|Mixed Platforms.ActiveCfg = Debug|Any CPU
		{0FD4D734-F674-45B1-92F1-2ECA76D07AF5}.Debug|Mixed Platforms.Build.0 = Debug|Any CPU
		{0FD4D734-F674-45B1-92F1-2ECA76D07AF5}.Debug|x86.ActiveCfg = Debug|Any CPU
		{0FD4D734-F674-45B1-92F1-2ECA76D07AF5}.faraweb|Any CPU.ActiveCfg = Release|Any CPU
		{0FD4D734-F674-45B1-92F1-2ECA76D07AF5}.faraweb|Any CPU.Build.0 = Release|Any CPU
		{0FD4D734-F674-45B1-92F1-2ECA76D07AF5}.faraweb|Mixed Platforms.ActiveCfg = Release|Any CPU
		{0FD4D734-F674-45B1-92F1-2ECA76D07AF5}.faraweb|Mixed Platforms.Build.0 = Release|Any CPU
		{0FD4D734-F674-45B1-92F1-2ECA76D07AF5}.faraweb|x86.ActiveCfg = Release|Any CPU
		{0FD4D734-F674-45B1-92F1-2ECA76D07AF5}.Release|Any CPU.ActiveCfg = Release|Any CPU
		{0FD4D734-F674-45B1-92F1-2ECA76D07AF5}.Release|Any CPU.Build.0 = Release|Any CPU
		{0FD4D734-F674-45B1-92F1-2ECA76D07AF5}.Release|Mixed Platforms.ActiveCfg = Release|Any CPU
		{0FD4D734-F674-45B1-92F1-2ECA76D07AF5}.Release|Mixed Platforms.Build.0 = Release|Any CPU
		{0FD4D734-F674-45B1-92F1-2ECA76D07AF5}.Release|x86.ActiveCfg = Release|Any CPU
		{922AF2A2-50AE-4CB9-B2B6-B330D65783A6}.Debug|Any CPU.ActiveCfg = Debug|Any CPU
		{922AF2A2-50AE-4CB9-B2B6-B330D65783A6}.Debug|Any CPU.Build.0 = Debug|Any CPU
		{922AF2A2-50AE-4CB9-B2B6-B330D65783A6}.Debug|Mixed Platforms.ActiveCfg = Debug|Any CPU
		{922AF2A2-50AE-4CB9-B2B6-B330D65783A6}.Debug|Mixed Platforms.Build.0 = Debug|Any CPU
		{922AF2A2-50AE-4CB9-B2B6-B330D65783A6}.Debug|x86.ActiveCfg = Debug|Any CPU
		{922AF2A2-50AE-4CB9-B2B6-B330D65783A6}.faraweb|Any CPU.ActiveCfg = Release|Any CPU
		{922AF2A2-50AE-4CB9-B2B6-B330D65783A6}.faraweb|Any CPU.Build.0 = Release|Any CPU
		{922AF2A2-50AE-4CB9-B2B6-B330D65783A6}.faraweb|Mixed Platforms.ActiveCfg = Release|Any CPU
		{922AF2A2-50AE-4CB9-B2B6-B330D65783A6}.faraweb|Mixed Platforms.Build.0 = Release|Any CPU
		{922AF2A2-50AE-4CB9-B2B6-B330D65783A6}.faraweb|x86.ActiveCfg = Release|Any CPU
		{922AF2A2-50AE-4CB9-B2B6-B330D65783A6}.Release|Any CPU.ActiveCfg = Release|Any CPU
		{922AF2A2-50AE-4CB9-B2B6-B330D65783A6}.Release|Any CPU.Build.0 = Release|Any CPU
		{922AF2A2-50AE-4CB9-B2B6-B330D65783A6}.Release|Mixed Platforms.ActiveCfg = Release|Any CPU
		{922AF2A2-50AE-4CB9-B2B6-B330D65783A6}.Release|Mixed Platforms.Build.0 = Release|Any CPU
		{922AF2A2-50AE-4CB9-B2B6-B330D65783A6}.Release|x86.ActiveCfg = Release|Any CPU
		{B49C050C-1F69-4A6E-9566-6388AE608922}.Debug|Any CPU.ActiveCfg = Debug|Any CPU
		{B49C050C-1F69-4A6E-9566-6388AE608922}.Debug|Any CPU.Build.0 = Debug|Any CPU
		{B49C050C-1F69-4A6E-9566-6388AE608922}.Debug|Mixed Platforms.ActiveCfg = Debug|Any CPU
		{B49C050C-1F69-4A6E-9566-6388AE608922}.Debug|Mixed Platforms.Build.0 = Debug|Any CPU
		{B49C050C-1F69-4A6E-9566-6388AE608922}.Debug|x86.ActiveCfg = Debug|Any CPU
		{B49C050C-1F69-4A6E-9566-6388AE608922}.faraweb|Any CPU.ActiveCfg = Release|Any CPU
		{B49C050C-1F69-4A6E-9566-6388AE608922}.faraweb|Any CPU.Build.0 = Release|Any CPU
		{B49C050C-1F69-4A6E-9566-6388AE608922}.faraweb|Mixed Platforms.ActiveCfg = Release|Any CPU
		{B49C050C-1F69-4A6E-9566-6388AE608922}.faraweb|Mixed Platforms.Build.0 = Release|Any CPU
		{B49C050C-1F69-4A6E-9566-6388AE608922}.faraweb|x86.ActiveCfg = Release|Any CPU
		{B49C050C-1F69-4A6E-9566-6388AE608922}.Release|Any CPU.ActiveCfg = Release|Any CPU
		{B49C050C-1F69-4A6E-9566-6388AE608922}.Release|Any CPU.Build.0 = Release|Any CPU
		{B49C050C-1F69-4A6E-9566-6388AE608922}.Release|Mixed Platforms.ActiveCfg = Release|Any CPU
		{B49C050C-1F69-4A6E-9566-6388AE608922}.Release|Mixed Platforms.Build.0 = Release|Any CPU
		{B49C050C-1F69-4A6E-9566-6388AE608922}.Release|x86.ActiveCfg = Release|Any CPU
	EndGlobalSection
	GlobalSection(SolutionProperties) = preSolution
		HideSolutionNode = FALSE
	EndGlobalSection
EndGlobal
